
Microsoft Visual Studio Solution File, Format Version 12.00
# Visual Studio 15
Project("{FAE04EC0-301F-11D3-BF4B-00C04F79EFBC}") = "UnityEngine.UI", "UnityEngine.UI.csproj", "{9B94622A-58B5-F5B0-1C95-F17CD776252F}"
EndProject
Project("{FAE04EC0-301F-11D3-BF4B-00C04F79EFBC}") = "UnityEngine.TestRunner", "UnityEngine.TestRunner.csproj", "{EE5249C4-D7A4-747A-F53C-E03E357E300F}"
EndProject
Project("{FAE04EC0-301F-11D3-BF4B-00C04F79EFBC}") = "Assembly-CSharp", "Assembly-CSharp.csproj", "{51D9053D-FC7A-76E0-9A70-C5F8476E61DB}"
EndProject
Project("{FAE04EC0-301F-11D3-BF4B-00C04F79EFBC}") = "Unity.Mathematics", "Unity.Mathematics.csproj", "{01BD64CE-3A18-218A-48D0-0DFB24AB3083}"
EndProject
Project("{FAE04EC0-301F-11D3-BF4B-00C04F79EFBC}") = "Unity.2D.Animation.Triangle.Runtime", "Unity.2D.Animation.Triangle.Runtime.csproj", "{1DA6917F-9D47-21CF-64F1-C454BA883197}"
EndProject
Project("{FAE04EC0-301F-11D3-BF4B-00C04F79EFBC}") = "Unity.Timeline", "Unity.Timeline.csproj", "{4E70FB53-B265-2826-E924-EAD9399A3532}"
EndProject
Project("{FAE04EC0-301F-11D3-BF4B-00C04F79EFBC}") = "Unity.TextMeshPro", "Unity.TextMeshPro.csproj", "{AF5A8918-B2D4-B9CE-F776-A27817CFF27B}"
EndProject
Project("{FAE04EC0-301F-11D3-BF4B-00C04F79EFBC}") = "Unity.2D.Animation.Runtime", "Unity.2D.Animation.Runtime.csproj", "{444243F7-28D1-8F8E-E662-DC5092975BC4}"
EndProject
Project("{FAE04EC0-301F-11D3-BF4B-00C04F79EFBC}") = "Unity.2D.IK.Runtime", "Unity.2D.IK.Runtime.csproj", "{EC11D44B-6A98-0029-481A-769AB696CD55}"
EndProject
Project("{FAE04EC0-301F-11D3-BF4B-00C04F79EFBC}") = "Unity.2D.SpriteShape.Runtime", "Unity.2D.SpriteShape.Runtime.csproj", "{13946F68-04E5-DCF3-633F-B742AAB3B222}"
EndProject
Project("{FAE04EC0-301F-11D3-BF4B-00C04F79EFBC}") = "Unity.2D.PixelPerfect", "Unity.2D.PixelPerfect.csproj", "{749AC920-05DB-BA19-2396-C8A32DE300AE}"
EndProject
Project("{FAE04EC0-301F-11D3-BF4B-00C04F79EFBC}") = "Unity.2D.Common.Runtime", "Unity.2D.Common.Runtime.csproj", "{8D5F0745-1C5A-0C4A-122A-15864748271B}"
EndProject
Project("{FAE04EC0-301F-11D3-BF4B-00C04F79EFBC}") = "Unity.InternalAPIEngineBridge.001", "Unity.InternalAPIEngineBridge.001.csproj", "{6B8EDA6B-C983-E53D-7BD2-EA3CD9C0D1B0}"
EndProject
Project("{FAE04EC0-301F-11D3-BF4B-00C04F79EFBC}") = "UnityEditor.TestRunner", "UnityEditor.TestRunner.csproj", "{58432D6C-B222-86C5-F921-939A8F2288AA}"
EndProject
Project("{FAE04EC0-301F-11D3-BF4B-00C04F79EFBC}") = "Unity.PlasticSCM.Editor", "Unity.PlasticSCM.Editor.csproj", "{5C44ED25-62A4-06CB-9A58-09C7492A0D34}"
EndProject
Project("{FAE04EC0-301F-11D3-BF4B-00C04F79EFBC}") = "UnityEditor.UI", "UnityEditor.UI.csproj", "{E66A24D5-5D23-4936-2C11-3CE67512ADDC}"
EndProject
Project("{FAE04EC0-301F-11D3-BF4B-00C04F79EFBC}") = "Unity.Services.Core.Editor", "Unity.Services.Core.Editor.csproj", "{91CCF4BB-A1E8-04C6-95CD-2F519A24F7C4}"
EndProject
Project("{FAE04EC0-301F-11D3-BF4B-00C04F79EFBC}") = "Unity.Timeline.Editor", "Unity.Timeline.Editor.csproj", "{30C9192F-6469-5E81-A2FB-34D6EDF20355}"
EndProject
Project("{FAE04EC0-301F-11D3-BF4B-00C04F79EFBC}") = "Unity.VisualStudio.Editor", "Unity.VisualStudio.Editor.csproj", "{70C4136B-9828-9CB8-3941-F4B6FF7AC798}"
EndProject
Project("{FAE04EC0-301F-11D3-BF4B-00C04F79EFBC}") = "Unity.2D.Psdimporter.Editor", "Unity.2D.Psdimporter.Editor.csproj", "{A3BF03BB-BDA6-BFBC-C1EB-0FCCB6895388}"
EndProject
Project("{FAE04EC0-301F-11D3-BF4B-00C04F79EFBC}") = "Unity.2D.Animation.Editor", "Unity.2D.Animation.Editor.csproj", "{80FD1E11-F394-F2AC-11A4-DAEC98434C33}"
EndProject
Project("{FAE04EC0-301F-11D3-BF4B-00C04F79EFBC}") = "Unity.TextMeshPro.Editor", "Unity.TextMeshPro.Editor.csproj", "{ABAB75E3-F694-7C67-371F-158BA6A4FAC9}"
EndProject
Project("{FAE04EC0-301F-11D3-BF4B-00C04F79EFBC}") = "Unity.2D.SpriteShape.Editor", "Unity.2D.SpriteShape.Editor.csproj", "{CB14D651-91B6-6FBD-079D-7F8030435F80}"
EndProject
Project("{FAE04EC0-301F-11D3-BF4B-00C04F79EFBC}") = "Unity.CollabProxy.Editor", "Unity.CollabProxy.Editor.csproj", "{3E5BF2EF-FBC4-969D-D1D0-A1FAF660DADC}"
EndProject
Project("{FAE04EC0-301F-11D3-BF4B-00C04F79EFBC}") = "PsdPlugin", "PsdPlugin.csproj", "{31922085-6401-C269-E285-3E94F6F6D4E3}"
EndProject
Project("{FAE04EC0-301F-11D3-BF4B-00C04F79EFBC}") = "Unity.2D.Path.Editor", "Unity.2D.Path.Editor.csproj", "{C447A47C-B1E2-DE6E-E5E0-428C95A40743}"
EndProject
Project("{FAE04EC0-301F-11D3-BF4B-00C04F79EFBC}") = "Unity.Rider.Editor", "Unity.Rider.Editor.csproj", "{5A2DDC6A-7C9F-9B39-F5B3-84972F8D8E4B}"
EndProject
Project("{FAE04EC0-301F-11D3-BF4B-00C04F79EFBC}") = "Unity.2D.IK.Editor", "Unity.2D.IK.Editor.csproj", "{15EB03EC-9E11-4192-F941-6DC4E930E0DC}"
EndProject
Project("{FAE04EC0-301F-11D3-BF4B-00C04F79EFBC}") = "Unity.SysrootPackage.Editor", "Unity.SysrootPackage.Editor.csproj", "{4CF0E5CD-0F9E-B174-9370-482C5CDBF2FC}"
EndProject
Project("{FAE04EC0-301F-11D3-BF4B-00C04F79EFBC}") = "Unity.2D.Sprite.Editor", "Unity.2D.Sprite.Editor.csproj", "{6977B67E-552A-A763-4FB6-F6BD6FADF4B4}"
EndProject
Project("{FAE04EC0-301F-11D3-BF4B-00C04F79EFBC}") = "Unity.2D.Tilemap.Editor", "Unity.2D.Tilemap.Editor.csproj", "{E97D8BE2-1492-65B8-DBBE-D4B7ED4B4865}"
EndProject
Project("{FAE04EC0-301F-11D3-BF4B-00C04F79EFBC}") = "Unity.2D.PixelPerfect.Editor", "Unity.2D.PixelPerfect.Editor.csproj", "{E7A3B849-9AFD-E7BC-78A4-817FB1671E3A}"
EndProject
Project("{FAE04EC0-301F-11D3-BF4B-00C04F79EFBC}") = "Unity.VSCode.Editor", "Unity.VSCode.Editor.csproj", "{1CFC7388-32C9-BB49-1ECA-BE1A0AD89833}"
EndProject
Project("{FAE04EC0-301F-11D3-BF4B-00C04F79EFBC}") = "Unity.Toolchain.Win-x86_64-Linux-x86_64", "Unity.Toolchain.Win-x86_64-Linux-x86_64.csproj", "{944F9BA8-118D-5FEB-37D6-B5F3CB03DB75}"
EndProject
Project("{FAE04EC0-301F-11D3-BF4B-00C04F79EFBC}") = "Unity.2D.Common.Editor", "Unity.2D.Common.Editor.csproj", "{C7CBCFA2-C58D-25D3-D921-93EB181BC41B}"
EndProject
Project("{FAE04EC0-301F-11D3-BF4B-00C04F79EFBC}") = "Unity.Mathematics.Editor", "Unity.Mathematics.Editor.csproj", "{CF8569F2-1B0E-8B6F-AF4A-2F1EF7CF4519}"
EndProject
Project("{FAE04EC0-301F-11D3-BF4B-00C04F79EFBC}") = "Unity.InternalAPIEditorBridge.001", "Unity.InternalAPIEditorBridge.001.csproj", "{499BF535-EFB3-7926-395F-D98E28346315}"
EndProject
Project("{FAE04EC0-301F-11D3-BF4B-00C04F79EFBC}") = "Assembly-CSharp-Editor", "Assembly-CSharp-Editor.csproj", "{42EE26F9-67F3-EB54-08F9-5564341A76CC}"
EndProject
Project("{FAE04EC0-301F-11D3-BF4B-00C04F79EFBC}") = "Unity.Sysroot.Linux_x86_64", "Unity.Sysroot.Linux_x86_64.csproj", "{FC968C80-F306-84DE-66A6-1E81BDAAB1D6}"
EndProject
Project("{FAE04EC0-301F-11D3-BF4B-00C04F79EFBC}") = "UnityEngine.UI", "UnityEngine.UI.Player.csproj", "{4C3F3437-5EE9-1226-EAB0-6C05D3F6D4E8}"
EndProject
Project("{FAE04EC0-301F-11D3-BF4B-00C04F79EFBC}") = "UnityEngine.TestRunner", "UnityEngine.TestRunner.Player.csproj", "{BF442C61-2450-7674-0C9E-EE1350BABD6B}"
EndProject
Project("{FAE04EC0-301F-11D3-BF4B-00C04F79EFBC}") = "Assembly-CSharp", "Assembly-CSharp.Player.csproj", "{CA762DDA-B18E-C184-08CC-53E3715C1A43}"
EndProject
Project("{FAE04EC0-301F-11D3-BF4B-00C04F79EFBC}") = "Unity.Mathematics", "Unity.Mathematics.Player.csproj", "{1C98DE25-2A5E-749A-378A-7866221DEA84}"
EndProject
Project("{FAE04EC0-301F-11D3-BF4B-00C04F79EFBC}") = "Unity.2D.Animation.Triangle.Runtime", "Unity.2D.Animation.Triangle.Runtime.Player.csproj", "{FBC80E46-7C4E-7BFD-61C4-C84BC81A7487}"
EndProject
Project("{FAE04EC0-301F-11D3-BF4B-00C04F79EFBC}") = "Unity.Timeline", "Unity.Timeline.Player.csproj", "{1F3966AD-CDC2-C7EC-0D6F-E829E3E6ABC9}"
EndProject
Project("{FAE04EC0-301F-11D3-BF4B-00C04F79EFBC}") = "Unity.TextMeshPro", "Unity.TextMeshPro.Player.csproj", "{6B5B9067-D593-42B0-F4ED-261B20FD2905}"
EndProject
Project("{FAE04EC0-301F-11D3-BF4B-00C04F79EFBC}") = "Unity.2D.Animation.Runtime", "Unity.2D.Animation.Runtime.Player.csproj", "{69F41A5D-01E2-DAEE-B4ED-C9541D325697}"
EndProject
Project("{FAE04EC0-301F-11D3-BF4B-00C04F79EFBC}") = "Unity.2D.IK.Runtime", "Unity.2D.IK.Runtime.Player.csproj", "{E733B95E-8964-212E-D928-0077EF504A2F}"
EndProject
Project("{FAE04EC0-301F-11D3-BF4B-00C04F79EFBC}") = "Unity.2D.SpriteShape.Runtime", "Unity.2D.SpriteShape.Runtime.Player.csproj", "{AE3B1976-841D-1F47-774D-C6F968CD6576}"
EndProject
Project("{FAE04EC0-301F-11D3-BF4B-00C04F79EFBC}") = "Unity.2D.PixelPerfect", "Unity.2D.PixelPerfect.Player.csproj", "{2F2D0865-6D6B-6AC3-F5B8-937DEBE085B4}"
EndProject
Project("{FAE04EC0-301F-11D3-BF4B-00C04F79EFBC}") = "Unity.2D.Common.Runtime", "Unity.2D.Common.Runtime.Player.csproj", "{C0F8FD90-FC4A-1D63-4654-EDB93DFEBFD1}"
EndProject
Project("{FAE04EC0-301F-11D3-BF4B-00C04F79EFBC}") = "Unity.InternalAPIEngineBridge.001", "Unity.InternalAPIEngineBridge.001.Player.csproj", "{07BC59A5-E108-3F56-6D53-D8C6DEC7F288}"
EndProject
Global
	GlobalSection(SolutionConfigurationPlatforms) = preSolution
		Debug|Any CPU = Debug|Any CPU
		Release|Any CPU = Release|Any CPU
	EndGlobalSection
	GlobalSection(ProjectConfigurationPlatforms) = postSolution
		{9B94622A-58B5-F5B0-1C95-F17CD776252F}.Debug|Any CPU.ActiveCfg = Debug|Any CPU
		{9B94622A-58B5-F5B0-1C95-F17CD776252F}.Debug|Any CPU.Build.0 = Debug|Any CPU
		{9B94622A-58B5-F5B0-1C95-F17CD776252F}.Release|Any CPU.ActiveCfg = Release|Any CPU
		{9B94622A-58B5-F5B0-1C95-F17CD776252F}.Release|Any CPU.Build.0 = Release|Any CPU
		{EE5249C4-D7A4-747A-F53C-E03E357E300F}.Debug|Any CPU.ActiveCfg = Debug|Any CPU
		{EE5249C4-D7A4-747A-F53C-E03E357E300F}.Debug|Any CPU.Build.0 = Debug|Any CPU
		{EE5249C4-D7A4-747A-F53C-E03E357E300F}.Release|Any CPU.ActiveCfg = Release|Any CPU
		{EE5249C4-D7A4-747A-F53C-E03E357E300F}.Release|Any CPU.Build.0 = Release|Any CPU
		{51D9053D-FC7A-76E0-9A70-C5F8476E61DB}.Debug|Any CPU.ActiveCfg = Debug|Any CPU
		{51D9053D-FC7A-76E0-9A70-C5F8476E61DB}.Debug|Any CPU.Build.0 = Debug|Any CPU
		{51D9053D-FC7A-76E0-9A70-C5F8476E61DB}.Release|Any CPU.ActiveCfg = Release|Any CPU
		{51D9053D-FC7A-76E0-9A70-C5F8476E61DB}.Release|Any CPU.Build.0 = Release|Any CPU
		{01BD64CE-3A18-218A-48D0-0DFB24AB3083}.Debug|Any CPU.ActiveCfg = Debug|Any CPU
		{01BD64CE-3A18-218A-48D0-0DFB24AB3083}.Debug|Any CPU.Build.0 = Debug|Any CPU
		{01BD64CE-3A18-218A-48D0-0DFB24AB3083}.Release|Any CPU.ActiveCfg = Release|Any CPU
		{01BD64CE-3A18-218A-48D0-0DFB24AB3083}.Release|Any CPU.Build.0 = Release|Any CPU
		{1DA6917F-9D47-21CF-64F1-C454BA883197}.Debug|Any CPU.ActiveCfg = Debug|Any CPU
		{1DA6917F-9D47-21CF-64F1-C454BA883197}.Debug|Any CPU.Build.0 = Debug|Any CPU
		{1DA6917F-9D47-21CF-64F1-C454BA883197}.Release|Any CPU.ActiveCfg = Release|Any CPU
		{1DA6917F-9D47-21CF-64F1-C454BA883197}.Release|Any CPU.Build.0 = Release|Any CPU
		{4E70FB53-B265-2826-E924-EAD9399A3532}.Debug|Any CPU.ActiveCfg = Debug|Any CPU
		{4E70FB53-B265-2826-E924-EAD9399A3532}.Debug|Any CPU.Build.0 = Debug|Any CPU
		{4E70FB53-B265-2826-E924-EAD9399A3532}.Release|Any CPU.ActiveCfg = Release|Any CPU
		{4E70FB53-B265-2826-E924-EAD9399A3532}.Release|Any CPU.Build.0 = Release|Any CPU
		{AF5A8918-B2D4-B9CE-F776-A27817CFF27B}.Debug|Any CPU.ActiveCfg = Debug|Any CPU
		{AF5A8918-B2D4-B9CE-F776-A27817CFF27B}.Debug|Any CPU.Build.0 = Debug|Any CPU
		{AF5A8918-B2D4-B9CE-F776-A27817CFF27B}.Release|Any CPU.ActiveCfg = Release|Any CPU
		{AF5A8918-B2D4-B9CE-F776-A27817CFF27B}.Release|Any CPU.Build.0 = Release|Any CPU
		{444243F7-28D1-8F8E-E662-DC5092975BC4}.Debug|Any CPU.ActiveCfg = Debug|Any CPU
		{444243F7-28D1-8F8E-E662-DC5092975BC4}.Debug|Any CPU.Build.0 = Debug|Any CPU
		{444243F7-28D1-8F8E-E662-DC5092975BC4}.Release|Any CPU.ActiveCfg = Release|Any CPU
		{444243F7-28D1-8F8E-E662-DC5092975BC4}.Release|Any CPU.Build.0 = Release|Any CPU
		{EC11D44B-6A98-0029-481A-769AB696CD55}.Debug|Any CPU.ActiveCfg = Debug|Any CPU
		{EC11D44B-6A98-0029-481A-769AB696CD55}.Debug|Any CPU.Build.0 = Debug|Any CPU
		{EC11D44B-6A98-0029-481A-769AB696CD55}.Release|Any CPU.ActiveCfg = Release|Any CPU
		{EC11D44B-6A98-0029-481A-769AB696CD55}.Release|Any CPU.Build.0 = Release|Any CPU
		{13946F68-04E5-DCF3-633F-B742AAB3B222}.Debug|Any CPU.ActiveCfg = Debug|Any CPU
		{13946F68-04E5-DCF3-633F-B742AAB3B222}.Debug|Any CPU.Build.0 = Debug|Any CPU
		{13946F68-04E5-DCF3-633F-B742AAB3B222}.Release|Any CPU.ActiveCfg = Release|Any CPU
		{13946F68-04E5-DCF3-633F-B742AAB3B222}.Release|Any CPU.Build.0 = Release|Any CPU
		{749AC920-05DB-BA19-2396-C8A32DE300AE}.Debug|Any CPU.ActiveCfg = Debug|Any CPU
		{749AC920-05DB-BA19-2396-C8A32DE300AE}.Debug|Any CPU.Build.0 = Debug|Any CPU
		{749AC920-05DB-BA19-2396-C8A32DE300AE}.Release|Any CPU.ActiveCfg = Release|Any CPU
		{749AC920-05DB-BA19-2396-C8A32DE300AE}.Release|Any CPU.Build.0 = Release|Any CPU
		{8D5F0745-1C5A-0C4A-122A-15864748271B}.Debug|Any CPU.ActiveCfg = Debug|Any CPU
		{8D5F0745-1C5A-0C4A-122A-15864748271B}.Debug|Any CPU.Build.0 = Debug|Any CPU
		{8D5F0745-1C5A-0C4A-122A-15864748271B}.Release|Any CPU.ActiveCfg = Release|Any CPU
		{8D5F0745-1C5A-0C4A-122A-15864748271B}.Release|Any CPU.Build.0 = Release|Any CPU
		{6B8EDA6B-C983-E53D-7BD2-EA3CD9C0D1B0}.Debug|Any CPU.ActiveCfg = Debug|Any CPU
		{6B8EDA6B-C983-E53D-7BD2-EA3CD9C0D1B0}.Debug|Any CPU.Build.0 = Debug|Any CPU
		{6B8EDA6B-C983-E53D-7BD2-EA3CD9C0D1B0}.Release|Any CPU.ActiveCfg = Release|Any CPU
		{6B8EDA6B-C983-E53D-7BD2-EA3CD9C0D1B0}.Release|Any CPU.Build.0 = Release|Any CPU
		{58432D6C-B222-86C5-F921-939A8F2288AA}.Debug|Any CPU.ActiveCfg = Debug|Any CPU
		{58432D6C-B222-86C5-F921-939A8F2288AA}.Debug|Any CPU.Build.0 = Debug|Any CPU
		{58432D6C-B222-86C5-F921-939A8F2288AA}.Release|Any CPU.ActiveCfg = Release|Any CPU
		{58432D6C-B222-86C5-F921-939A8F2288AA}.Release|Any CPU.Build.0 = Release|Any CPU
		{5C44ED25-62A4-06CB-9A58-09C7492A0D34}.Debug|Any CPU.ActiveCfg = Debug|Any CPU
		{5C44ED25-62A4-06CB-9A58-09C7492A0D34}.Debug|Any CPU.Build.0 = Debug|Any CPU
		{5C44ED25-62A4-06CB-9A58-09C7492A0D34}.Release|Any CPU.ActiveCfg = Release|Any CPU
		{5C44ED25-62A4-06CB-9A58-09C7492A0D34}.Release|Any CPU.Build.0 = Release|Any CPU
		{E66A24D5-5D23-4936-2C11-3CE67512ADDC}.Debug|Any CPU.ActiveCfg = Debug|Any CPU
		{E66A24D5-5D23-4936-2C11-3CE67512ADDC}.Debug|Any CPU.Build.0 = Debug|Any CPU
		{E66A24D5-5D23-4936-2C11-3CE67512ADDC}.Release|Any CPU.ActiveCfg = Release|Any CPU
		{E66A24D5-5D23-4936-2C11-3CE67512ADDC}.Release|Any CPU.Build.0 = Release|Any CPU
		{91CCF4BB-A1E8-04C6-95CD-2F519A24F7C4}.Debug|Any CPU.ActiveCfg = Debug|Any CPU
		{91CCF4BB-A1E8-04C6-95CD-2F519A24F7C4}.Debug|Any CPU.Build.0 = Debug|Any CPU
		{91CCF4BB-A1E8-04C6-95CD-2F519A24F7C4}.Release|Any CPU.ActiveCfg = Release|Any CPU
		{91CCF4BB-A1E8-04C6-95CD-2F519A24F7C4}.Release|Any CPU.Build.0 = Release|Any CPU
		{30C9192F-6469-5E81-A2FB-34D6EDF20355}.Debug|Any CPU.ActiveCfg = Debug|Any CPU
		{30C9192F-6469-5E81-A2FB-34D6EDF20355}.Debug|Any CPU.Build.0 = Debug|Any CPU
		{30C9192F-6469-5E81-A2FB-34D6EDF20355}.Release|Any CPU.ActiveCfg = Release|Any CPU
		{30C9192F-6469-5E81-A2FB-34D6EDF20355}.Release|Any CPU.Build.0 = Release|Any CPU
		{70C4136B-9828-9CB8-3941-F4B6FF7AC798}.Debug|Any CPU.ActiveCfg = Debug|Any CPU
		{70C4136B-9828-9CB8-3941-F4B6FF7AC798}.Debug|Any CPU.Build.0 = Debug|Any CPU
		{70C4136B-9828-9CB8-3941-F4B6FF7AC798}.Release|Any CPU.ActiveCfg = Release|Any CPU
		{70C4136B-9828-9CB8-3941-F4B6FF7AC798}.Release|Any CPU.Build.0 = Release|Any CPU
		{A3BF03BB-BDA6-BFBC-C1EB-0FCCB6895388}.Debug|Any CPU.ActiveCfg = Debug|Any CPU
		{A3BF03BB-BDA6-BFBC-C1EB-0FCCB6895388}.Debug|Any CPU.Build.0 = Debug|Any CPU
		{A3BF03BB-BDA6-BFBC-C1EB-0FCCB6895388}.Release|Any CPU.ActiveCfg = Release|Any CPU
		{A3BF03BB-BDA6-BFBC-C1EB-0FCCB6895388}.Release|Any CPU.Build.0 = Release|Any CPU
		{80FD1E11-F394-F2AC-11A4-DAEC98434C33}.Debug|Any CPU.ActiveCfg = Debug|Any CPU
		{80FD1E11-F394-F2AC-11A4-DAEC98434C33}.Debug|Any CPU.Build.0 = Debug|Any CPU
		{80FD1E11-F394-F2AC-11A4-DAEC98434C33}.Release|Any CPU.ActiveCfg = Release|Any CPU
		{80FD1E11-F394-F2AC-11A4-DAEC98434C33}.Release|Any CPU.Build.0 = Release|Any CPU
		{ABAB75E3-F694-7C67-371F-158BA6A4FAC9}.Debug|Any CPU.ActiveCfg = Debug|Any CPU
		{ABAB75E3-F694-7C67-371F-158BA6A4FAC9}.Debug|Any CPU.Build.0 = Debug|Any CPU
		{ABAB75E3-F694-7C67-371F-158BA6A4FAC9}.Release|Any CPU.ActiveCfg = Release|Any CPU
		{ABAB75E3-F694-7C67-371F-158BA6A4FAC9}.Release|Any CPU.Build.0 = Release|Any CPU
		{CB14D651-91B6-6FBD-079D-7F8030435F80}.Debug|Any CPU.ActiveCfg = Debug|Any CPU
		{CB14D651-91B6-6FBD-079D-7F8030435F80}.Debug|Any CPU.Build.0 = Debug|Any CPU
		{CB14D651-91B6-6FBD-079D-7F8030435F80}.Release|Any CPU.ActiveCfg = Release|Any CPU
		{CB14D651-91B6-6FBD-079D-7F8030435F80}.Release|Any CPU.Build.0 = Release|Any CPU
		{3E5BF2EF-FBC4-969D-D1D0-A1FAF660DADC}.Debug|Any CPU.ActiveCfg = Debug|Any CPU
		{3E5BF2EF-FBC4-969D-D1D0-A1FAF660DADC}.Debug|Any CPU.Build.0 = Debug|Any CPU
		{3E5BF2EF-FBC4-969D-D1D0-A1FAF660DADC}.Release|Any CPU.ActiveCfg = Release|Any CPU
		{3E5BF2EF-FBC4-969D-D1D0-A1FAF660DADC}.Release|Any CPU.Build.0 = Release|Any CPU
		{31922085-6401-C269-E285-3E94F6F6D4E3}.Debug|Any CPU.ActiveCfg = Debug|Any CPU
		{31922085-6401-C269-E285-3E94F6F6D4E3}.Debug|Any CPU.Build.0 = Debug|Any CPU
		{31922085-6401-C269-E285-3E94F6F6D4E3}.Release|Any CPU.ActiveCfg = Release|Any CPU
		{31922085-6401-C269-E285-3E94F6F6D4E3}.Release|Any CPU.Build.0 = Release|Any CPU
		{C447A47C-B1E2-DE6E-E5E0-428C95A40743}.Debug|Any CPU.ActiveCfg = Debug|Any CPU
		{C447A47C-B1E2-DE6E-E5E0-428C95A40743}.Debug|Any CPU.Build.0 = Debug|Any CPU
		{C447A47C-B1E2-DE6E-E5E0-428C95A40743}.Release|Any CPU.ActiveCfg = Release|Any CPU
		{C447A47C-B1E2-DE6E-E5E0-428C95A40743}.Release|Any CPU.Build.0 = Release|Any CPU
		{5A2DDC6A-7C9F-9B39-F5B3-84972F8D8E4B}.Debug|Any CPU.ActiveCfg = Debug|Any CPU
		{5A2DDC6A-7C9F-9B39-F5B3-84972F8D8E4B}.Debug|Any CPU.Build.0 = Debug|Any CPU
		{5A2DDC6A-7C9F-9B39-F5B3-84972F8D8E4B}.Release|Any CPU.ActiveCfg = Release|Any CPU
		{5A2DDC6A-7C9F-9B39-F5B3-84972F8D8E4B}.Release|Any CPU.Build.0 = Release|Any CPU
		{15EB03EC-9E11-4192-F941-6DC4E930E0DC}.Debug|Any CPU.ActiveCfg = Debug|Any CPU
		{15EB03EC-9E11-4192-F941-6DC4E930E0DC}.Debug|Any CPU.Build.0 = Debug|Any CPU
		{15EB03EC-9E11-4192-F941-6DC4E930E0DC}.Release|Any CPU.ActiveCfg = Release|Any CPU
		{15EB03EC-9E11-4192-F941-6DC4E930E0DC}.Release|Any CPU.Build.0 = Release|Any CPU
		{4CF0E5CD-0F9E-B174-9370-482C5CDBF2FC}.Debug|Any CPU.ActiveCfg = Debug|Any CPU
		{4CF0E5CD-0F9E-B174-9370-482C5CDBF2FC}.Debug|Any CPU.Build.0 = Debug|Any CPU
		{4CF0E5CD-0F9E-B174-9370-482C5CDBF2FC}.Release|Any CPU.ActiveCfg = Release|Any CPU
		{4CF0E5CD-0F9E-B174-9370-482C5CDBF2FC}.Release|Any CPU.Build.0 = Release|Any CPU
		{6977B67E-552A-A763-4FB6-F6BD6FADF4B4}.Debug|Any CPU.ActiveCfg = Debug|Any CPU
		{6977B67E-552A-A763-4FB6-F6BD6FADF4B4}.Debug|Any CPU.Build.0 = Debug|Any CPU
		{6977B67E-552A-A763-4FB6-F6BD6FADF4B4}.Release|Any CPU.ActiveCfg = Release|Any CPU
		{6977B67E-552A-A763-4FB6-F6BD6FADF4B4}.Release|Any CPU.Build.0 = Release|Any CPU
		{E97D8BE2-1492-65B8-DBBE-D4B7ED4B4865}.Debug|Any CPU.ActiveCfg = Debug|Any CPU
		{E97D8BE2-1492-65B8-DBBE-D4B7ED4B4865}.Debug|Any CPU.Build.0 = Debug|Any CPU
		{E97D8BE2-1492-65B8-DBBE-D4B7ED4B4865}.Release|Any CPU.ActiveCfg = Release|Any CPU
		{E97D8BE2-1492-65B8-DBBE-D4B7ED4B4865}.Release|Any CPU.Build.0 = Release|Any CPU
		{E7A3B849-9AFD-E7BC-78A4-817FB1671E3A}.Debug|Any CPU.ActiveCfg = Debug|Any CPU
		{E7A3B849-9AFD-E7BC-78A4-817FB1671E3A}.Debug|Any CPU.Build.0 = Debug|Any CPU
		{E7A3B849-9AFD-E7BC-78A4-817FB1671E3A}.Release|Any CPU.ActiveCfg = Release|Any CPU
		{E7A3B849-9AFD-E7BC-78A4-817FB1671E3A}.Release|Any CPU.Build.0 = Release|Any CPU
		{1CFC7388-32C9-BB49-1ECA-BE1A0AD89833}.Debug|Any CPU.ActiveCfg = Debug|Any CPU
		{1CFC7388-32C9-BB49-1ECA-BE1A0AD89833}.Debug|Any CPU.Build.0 = Debug|Any CPU
		{1CFC7388-32C9-BB49-1ECA-BE1A0AD89833}.Release|Any CPU.ActiveCfg = Release|Any CPU
		{1CFC7388-32C9-BB49-1ECA-BE1A0AD89833}.Release|Any CPU.Build.0 = Release|Any CPU
		{944F9BA8-118D-5FEB-37D6-B5F3CB03DB75}.Debug|Any CPU.ActiveCfg = Debug|Any CPU
		{944F9BA8-118D-5FEB-37D6-B5F3CB03DB75}.Debug|Any CPU.Build.0 = Debug|Any CPU
		{944F9BA8-118D-5FEB-37D6-B5F3CB03DB75}.Release|Any CPU.ActiveCfg = Release|Any CPU
		{944F9BA8-118D-5FEB-37D6-B5F3CB03DB75}.Release|Any CPU.Build.0 = Release|Any CPU
		{C7CBCFA2-C58D-25D3-D921-93EB181BC41B}.Debug|Any CPU.ActiveCfg = Debug|Any CPU
		{C7CBCFA2-C58D-25D3-D921-93EB181BC41B}.Debug|Any CPU.Build.0 = Debug|Any CPU
		{C7CBCFA2-C58D-25D3-D921-93EB181BC41B}.Release|Any CPU.ActiveCfg = Release|Any CPU
		{C7CBCFA2-C58D-25D3-D921-93EB181BC41B}.Release|Any CPU.Build.0 = Release|Any CPU
		{CF8569F2-1B0E-8B6F-AF4A-2F1EF7CF4519}.Debug|Any CPU.ActiveCfg = Debug|Any CPU
		{CF8569F2-1B0E-8B6F-AF4A-2F1EF7CF4519}.Debug|Any CPU.Build.0 = Debug|Any CPU
		{CF8569F2-1B0E-8B6F-AF4A-2F1EF7CF4519}.Release|Any CPU.ActiveCfg = Release|Any CPU
		{CF8569F2-1B0E-8B6F-AF4A-2F1EF7CF4519}.Release|Any CPU.Build.0 = Release|Any CPU
		{499BF535-EFB3-7926-395F-D98E28346315}.Debug|Any CPU.ActiveCfg = Debug|Any CPU
		{499BF535-EFB3-7926-395F-D98E28346315}.Debug|Any CPU.Build.0 = Debug|Any CPU
		{499BF535-EFB3-7926-395F-D98E28346315}.Release|Any CPU.ActiveCfg = Release|Any CPU
		{499BF535-EFB3-7926-395F-D98E28346315}.Release|Any CPU.Build.0 = Release|Any CPU
		{42EE26F9-67F3-EB54-08F9-5564341A76CC}.Debug|Any CPU.ActiveCfg = Debug|Any CPU
		{42EE26F9-67F3-EB54-08F9-5564341A76CC}.Debug|Any CPU.Build.0 = Debug|Any CPU
		{42EE26F9-67F3-EB54-08F9-5564341A76CC}.Release|Any CPU.ActiveCfg = Release|Any CPU
		{42EE26F9-67F3-EB54-08F9-5564341A76CC}.Release|Any CPU.Build.0 = Release|Any CPU
		{FC968C80-F306-84DE-66A6-1E81BDAAB1D6}.Debug|Any CPU.ActiveCfg = Debug|Any CPU
		{FC968C80-F306-84DE-66A6-1E81BDAAB1D6}.Debug|Any CPU.Build.0 = Debug|Any CPU
		{FC968C80-F306-84DE-66A6-1E81BDAAB1D6}.Release|Any CPU.ActiveCfg = Release|Any CPU
		{FC968C80-F306-84DE-66A6-1E81BDAAB1D6}.Release|Any CPU.Build.0 = Release|Any CPU
		{4C3F3437-5EE9-1226-EAB0-6C05D3F6D4E8}.Debug|Any CPU.ActiveCfg = Debug|Any CPU
		{4C3F3437-5EE9-1226-EAB0-6C05D3F6D4E8}.Debug|Any CPU.Build.0 = Debug|Any CPU
		{4C3F3437-5EE9-1226-EAB0-6C05D3F6D4E8}.Release|Any CPU.ActiveCfg = Release|Any CPU
		{4C3F3437-5EE9-1226-EAB0-6C05D3F6D4E8}.Release|Any CPU.Build.0 = Release|Any CPU
		{BF442C61-2450-7674-0C9E-EE1350BABD6B}.Debug|Any CPU.ActiveCfg = Debug|Any CPU
		{BF442C61-2450-7674-0C9E-EE1350BABD6B}.Debug|Any CPU.Build.0 = Debug|Any CPU
		{BF442C61-2450-7674-0C9E-EE1350BABD6B}.Release|Any CPU.ActiveCfg = Release|Any CPU
		{BF442C61-2450-7674-0C9E-EE1350BABD6B}.Release|Any CPU.Build.0 = Release|Any CPU
		{CA762DDA-B18E-C184-08CC-53E3715C1A43}.Debug|Any CPU.ActiveCfg = Debug|Any CPU
		{CA762DDA-B18E-C184-08CC-53E3715C1A43}.Debug|Any CPU.Build.0 = Debug|Any CPU
		{CA762DDA-B18E-C184-08CC-53E3715C1A43}.Release|Any CPU.ActiveCfg = Release|Any CPU
		{CA762DDA-B18E-C184-08CC-53E3715C1A43}.Release|Any CPU.Build.0 = Release|Any CPU
		{1C98DE25-2A5E-749A-378A-7866221DEA84}.Debug|Any CPU.ActiveCfg = Debug|Any CPU
		{1C98DE25-2A5E-749A-378A-7866221DEA84}.Debug|Any CPU.Build.0 = Debug|Any CPU
		{1C98DE25-2A5E-749A-378A-7866221DEA84}.Release|Any CPU.ActiveCfg = Release|Any CPU
		{1C98DE25-2A5E-749A-378A-7866221DEA84}.Release|Any CPU.Build.0 = Release|Any CPU
		{FBC80E46-7C4E-7BFD-61C4-C84BC81A7487}.Debug|Any CPU.ActiveCfg = Debug|Any CPU
		{FBC80E46-7C4E-7BFD-61C4-C84BC81A7487}.Debug|Any CPU.Build.0 = Debug|Any CPU
		{FBC80E46-7C4E-7BFD-61C4-C84BC81A7487}.Release|Any CPU.ActiveCfg = Release|Any CPU
		{FBC80E46-7C4E-7BFD-61C4-C84BC81A7487}.Release|Any CPU.Build.0 = Release|Any CPU
		{1F3966AD-CDC2-C7EC-0D6F-E829E3E6ABC9}.Debug|Any CPU.ActiveCfg = Debug|Any CPU
		{1F3966AD-CDC2-C7EC-0D6F-E829E3E6ABC9}.Debug|Any CPU.Build.0 = Debug|Any CPU
		{1F3966AD-CDC2-C7EC-0D6F-E829E3E6ABC9}.Release|Any CPU.ActiveCfg = Release|Any CPU
		{1F3966AD-CDC2-C7EC-0D6F-E829E3E6ABC9}.Release|Any CPU.Build.0 = Release|Any CPU
		{6B5B9067-D593-42B0-F4ED-261B20FD2905}.Debug|Any CPU.ActiveCfg = Debug|Any CPU
		{6B5B9067-D593-42B0-F4ED-261B20FD2905}.Debug|Any CPU.Build.0 = Debug|Any CPU
		{6B5B9067-D593-42B0-F4ED-261B20FD2905}.Release|Any CPU.ActiveCfg = Release|Any CPU
		{6B5B9067-D593-42B0-F4ED-261B20FD2905}.Release|Any CPU.Build.0 = Release|Any CPU
		{69F41A5D-01E2-DAEE-B4ED-C9541D325697}.Debug|Any CPU.ActiveCfg = Debug|Any CPU
		{69F41A5D-01E2-DAEE-B4ED-C9541D325697}.Debug|Any CPU.Build.0 = Debug|Any CPU
		{69F41A5D-01E2-DAEE-B4ED-C9541D325697}.Release|Any CPU.ActiveCfg = Release|Any CPU
		{69F41A5D-01E2-DAEE-B4ED-C9541D325697}.Release|Any CPU.Build.0 = Release|Any CPU
		{E733B95E-8964-212E-D928-0077EF504A2F}.Debug|Any CPU.ActiveCfg = Debug|Any CPU
		{E733B95E-8964-212E-D928-0077EF504A2F}.Debug|Any CPU.Build.0 = Debug|Any CPU
		{E733B95E-8964-212E-D928-0077EF504A2F}.Release|Any CPU.ActiveCfg = Release|Any CPU
		{E733B95E-8964-212E-D928-0077EF504A2F}.Release|Any CPU.Build.0 = Release|Any CPU
		{AE3B1976-841D-1F47-774D-C6F968CD6576}.Debug|Any CPU.ActiveCfg = Debug|Any CPU
		{AE3B1976-841D-1F47-774D-C6F968CD6576}.Debug|Any CPU.Build.0 = Debug|Any CPU
		{AE3B1976-841D-1F47-774D-C6F968CD6576}.Release|Any CPU.ActiveCfg = Release|Any CPU
		{AE3B1976-841D-1F47-774D-C6F968CD6576}.Release|Any CPU.Build.0 = Release|Any CPU
		{2F2D0865-6D6B-6AC3-F5B8-937DEBE085B4}.Debug|Any CPU.ActiveCfg = Debug|Any CPU
		{2F2D0865-6D6B-6AC3-F5B8-937DEBE085B4}.Debug|Any CPU.Build.0 = Debug|Any CPU
		{2F2D0865-6D6B-6AC3-F5B8-937DEBE085B4}.Release|Any CPU.ActiveCfg = Release|Any CPU
		{2F2D0865-6D6B-6AC3-F5B8-937DEBE085B4}.Release|Any CPU.Build.0 = Release|Any CPU
		{C0F8FD90-FC4A-1D63-4654-EDB93DFEBFD1}.Debug|Any CPU.ActiveCfg = Debug|Any CPU
		{C0F8FD90-FC4A-1D63-4654-EDB93DFEBFD1}.Debug|Any CPU.Build.0 = Debug|Any CPU
		{C0F8FD90-FC4A-1D63-4654-EDB93DFEBFD1}.Release|Any CPU.ActiveCfg = Release|Any CPU
		{C0F8FD90-FC4A-1D63-4654-EDB93DFEBFD1}.Release|Any CPU.Build.0 = Release|Any CPU
		{07BC59A5-E108-3F56-6D53-D8C6DEC7F288}.Debug|Any CPU.ActiveCfg = Debug|Any CPU
		{07BC59A5-E108-3F56-6D53-D8C6DEC7F288}.Debug|Any CPU.Build.0 = Debug|Any CPU
		{07BC59A5-E108-3F56-6D53-D8C6DEC7F288}.Release|Any CPU.ActiveCfg = Release|Any CPU
		{07BC59A5-E108-3F56-6D53-D8C6DEC7F288}.Release|Any CPU.Build.0 = Release|Any CPU
	EndGlobalSection
	GlobalSection(SolutionProperties) = preSolution
		HideSolutionNode = FALSE
	EndGlobalSection
EndGlobal
